
Microsoft Visual Studio Solution File, Format Version 12.00
# Visual Studio Version 16
VisualStudioVersion = 16.0.31624.102
MinimumVisualStudioVersion = 10.0.40219.1
Project("{FAE04EC0-301F-11D3-BF4B-00C04F79EFBC}") = "bela", "bela.csproj", "{678A5556-F855-4CF3-BEB6-8C4B446097BA}"
EndProject
Global
	GlobalSection(SolutionConfigurationPlatforms) = preSolution
		Debug|Any CPU = Debug|Any CPU
		Release|Any CPU = Release|Any CPU
	EndGlobalSection
	GlobalSection(ProjectConfigurationPlatforms) = postSolution
		{678A5556-F855-4CF3-BEB6-8C4B446097BA}.Debug|Any CPU.ActiveCfg = Debug|Any CPU
		{678A5556-F855-4CF3-BEB6-8C4B446097BA}.Debug|Any CPU.Build.0 = Debug|Any CPU
		{678A5556-F855-4CF3-BEB6-8C4B446097BA}.Release|Any CPU.ActiveCfg = Release|Any CPU
		{678A5556-F855-4CF3-BEB6-8C4B446097BA}.Release|Any CPU.Build.0 = Release|Any CPU
	EndGlobalSection
	GlobalSection(SolutionProperties) = preSolution
		HideSolutionNode = FALSE
	EndGlobalSection
	GlobalSection(ExtensibilityGlobals) = postSolution
		SolutionGuid = {04443C21-4677-4980-9D96-F50117B71988}
	EndGlobalSection
EndGlobal
